{
  "name": "dubit-js",
  "version": "0.0.1",
  "lockfileVersion": 3,
  "requires": true,
  "packages": {
    "": {
      "name": "dubit-js",
      "version": "0.0.1",
      "license": "BSD-2-Clause",
      "dependencies": {
        "agora-rtc-sdk-ng": "^4.22.1"
      },
      "devDependencies": {
        "typescript": "5.1.6"
      },
      "peerDependencies": {
        "@daily-co/daily-js": "^0.72.1"
      }
    },
    "node_modules/@agora-js/media": {
      "version": "4.22.1",
      "resolved": "https://registry.npmjs.org/@agora-js/media/-/media-4.22.1.tgz",
      "integrity": "sha512-WJ4t2I8Y8C/66u+YzqVbmkpVhWq5ZHxNlx30ZoKC9g5xQDXex/ZwsjdXBkcn7iWTIiK0L2+5GHFQyzpJIkfBFA==",
      "dependencies": {
        "@agora-js/report": "4.22.1",
        "@agora-js/shared": "4.22.1",
        "agora-rte-extension": "^1.2.4",
        "axios": "^1.7.7",
        "webrtc-adapter": "8.2.0"
      }
    },
    "node_modules/@agora-js/report": {
      "version": "4.22.1",
      "resolved": "https://registry.npmjs.org/@agora-js/report/-/report-4.22.1.tgz",
      "integrity": "sha512-7Jh7gVX346Ee/2cbKBsRdW0FqfPBw9R9YmgVLunvVXRyX+7Y3S0YdWRdxyL5aH4BbepFySsBUkZqDyrlatkMdA==",
      "dependencies": {
        "@agora-js/shared": "4.22.1",
        "axios": "^1.7.7"
      }
    },
    "node_modules/@agora-js/shared": {
      "version": "4.22.1",
      "resolved": "https://registry.npmjs.org/@agora-js/shared/-/shared-4.22.1.tgz",
      "integrity": "sha512-BkWhfGX8vTpqOkAj/Czgz69Pa9qYDTteplcFXvoHfJN6KuFy9lTF1JReozDUj+Vjj6fWIZf232QJ4dCDQE3xtQ==",
      "dependencies": {
        "axios": "^1.7.7",
        "ua-parser-js": "^0.7.34"
      }
    },
    "node_modules/@babel/runtime": {
      "version": "7.25.7",
      "resolved": "https://registry.npmjs.org/@babel/runtime/-/runtime-7.25.7.tgz",
      "integrity": "sha512-FjoyLe754PMiYsFaN5C94ttGiOmBNYTf6pLr4xXHAT5uctHb092PBszndLDR5XA/jghQvn4n7JMHl7dmTgbm9w==",
      "peer": true,
      "dependencies": {
        "regenerator-runtime": "^0.14.0"
      },
      "engines": {
        "node": ">=6.9.0"
      }
    },
    "node_modules/@daily-co/daily-js": {
      "version": "0.72.1",
      "resolved": "https://registry.npmjs.org/@daily-co/daily-js/-/daily-js-0.72.1.tgz",
      "integrity": "sha512-4dw24cmH8tRBDFe/mqjpM6ZV1s07aSoPMtsVXlEB6ZLD/Apd5GB4x1URDidG45iPDs8/4P8iDHR6RtMjKht4Ig==",
      "peer": true,
      "dependencies": {
        "@babel/runtime": "^7.12.5",
        "@sentry/browser": "^7.60.1",
        "bowser": "^2.8.1",
        "dequal": "^2.0.3",
        "events": "^3.1.0"
      },
      "engines": {
        "node": ">=10.0.0"
      }
    },
    "node_modules/@sentry-internal/feedback": {
      "version": "7.119.2",
      "resolved": "https://registry.npmjs.org/@sentry-internal/feedback/-/feedback-7.119.2.tgz",
      "integrity": "sha512-bnR1yJWVBZfXGx675nMXE8hCXsxluCBfIFy9GQT8PTN/urxpoS9cGz+5F7MA7Xe3Q06/7TT0Mz3fcDvjkqTu3Q==",
      "peer": true,
      "dependencies": {
        "@sentry/core": "7.119.2",
        "@sentry/types": "7.119.2",
        "@sentry/utils": "7.119.2"
      },
      "engines": {
        "node": ">=12"
      }
    },
    "node_modules/@sentry-internal/replay-canvas": {
      "version": "7.119.2",
      "resolved": "https://registry.npmjs.org/@sentry-internal/replay-canvas/-/replay-canvas-7.119.2.tgz",
      "integrity": "sha512-Lqo8IFyeKkdOrOGRqm9jCEqeBl8kINe5+c2VqULpkO/I6ql6ISwPSYnmG6yL8cCVIaT1893CLog/pS4FxCv8/Q==",
      "peer": true,
      "dependencies": {
        "@sentry/core": "7.119.2",
        "@sentry/replay": "7.119.2",
        "@sentry/types": "7.119.2",
        "@sentry/utils": "7.119.2"
      },
      "engines": {
        "node": ">=12"
      }
    },
    "node_modules/@sentry-internal/tracing": {
      "version": "7.119.2",
      "resolved": "https://registry.npmjs.org/@sentry-internal/tracing/-/tracing-7.119.2.tgz",
      "integrity": "sha512-V2W+STWrafyGJhQv3ulMFXYDwWHiU6wHQAQBShsHVACiFaDrJ2kPRet38FKv4dMLlLlP2xN+ss2e5zv3tYlTiQ==",
      "peer": true,
      "dependencies": {
        "@sentry/core": "7.119.2",
        "@sentry/types": "7.119.2",
        "@sentry/utils": "7.119.2"
      },
      "engines": {
        "node": ">=8"
      }
    },
    "node_modules/@sentry/browser": {
      "version": "7.119.2",
      "resolved": "https://registry.npmjs.org/@sentry/browser/-/browser-7.119.2.tgz",
      "integrity": "sha512-Wb2RzCsJBTNCmS9KPmbVyV5GGzFXjFdUThAN9xlnN5GgemMBwdQjGu/tRYr8yJAVsRb0EOFH8IuJBNKKNnO49g==",
      "peer": true,
      "dependencies": {
        "@sentry-internal/feedback": "7.119.2",
        "@sentry-internal/replay-canvas": "7.119.2",
        "@sentry-internal/tracing": "7.119.2",
        "@sentry/core": "7.119.2",
        "@sentry/integrations": "7.119.2",
        "@sentry/replay": "7.119.2",
        "@sentry/types": "7.119.2",
        "@sentry/utils": "7.119.2"
      },
      "engines": {
        "node": ">=8"
      }
    },
    "node_modules/@sentry/core": {
      "version": "7.119.2",
      "resolved": "https://registry.npmjs.org/@sentry/core/-/core-7.119.2.tgz",
      "integrity": "sha512-hQr3d2yWq/2lMvoyBPOwXw1IHqTrCjOsU1vYKhAa6w9vGbJZFGhKGGE2KEi/92c3gqGn+gW/PC7cV6waCTDuVA==",
      "peer": true,
      "dependencies": {
        "@sentry/types": "7.119.2",
        "@sentry/utils": "7.119.2"
      },
      "engines": {
        "node": ">=8"
      }
    },
    "node_modules/@sentry/integrations": {
      "version": "7.119.2",
      "resolved": "https://registry.npmjs.org/@sentry/integrations/-/integrations-7.119.2.tgz",
      "integrity": "sha512-dCuXKvbUE3gXVVa696SYMjlhSP6CxpMH/gl4Jk26naEB8Xjsn98z/hqEoXLg6Nab73rjR9c/9AdKqBbwVMHyrQ==",
      "peer": true,
      "dependencies": {
        "@sentry/core": "7.119.2",
        "@sentry/types": "7.119.2",
        "@sentry/utils": "7.119.2",
        "localforage": "^1.8.1"
      },
      "engines": {
        "node": ">=8"
      }
    },
    "node_modules/@sentry/replay": {
      "version": "7.119.2",
      "resolved": "https://registry.npmjs.org/@sentry/replay/-/replay-7.119.2.tgz",
      "integrity": "sha512-nHDsBt0mlJXTWAHjzQdCzDbhV2fv8B62PPB5mu5SpI+G5h+ir3r5lR0lZZrMT8eurVowb/HnLXAs+XYVug3blg==",
      "peer": true,
      "dependencies": {
        "@sentry-internal/tracing": "7.119.2",
        "@sentry/core": "7.119.2",
        "@sentry/types": "7.119.2",
        "@sentry/utils": "7.119.2"
      },
      "engines": {
        "node": ">=12"
      }
    },
    "node_modules/@sentry/types": {
      "version": "7.119.2",
      "resolved": "https://registry.npmjs.org/@sentry/types/-/types-7.119.2.tgz",
      "integrity": "sha512-ydq1tWsdG7QW+yFaTp0gFaowMLNVikIqM70wxWNK+u98QzKnVY/3XTixxNLsUtnAB4Y+isAzFhrc6Vb5GFdFeg==",
      "peer": true,
      "engines": {
        "node": ">=8"
      }
    },
    "node_modules/@sentry/utils": {
      "version": "7.119.2",
      "resolved": "https://registry.npmjs.org/@sentry/utils/-/utils-7.119.2.tgz",
      "integrity": "sha512-TLdUCvcNgzKP0r9YD7tgCL1PEUp42TObISridsPJ5rhpVGQJvpr+Six0zIkfDUxerLYWZoK8QMm9KgFlPLNQzA==",
      "peer": true,
      "dependencies": {
        "@sentry/types": "7.119.2"
      },
      "engines": {
        "node": ">=8"
      }
    },
    "node_modules/agora-rtc-sdk-ng": {
      "version": "4.22.1",
      "resolved": "https://registry.npmjs.org/agora-rtc-sdk-ng/-/agora-rtc-sdk-ng-4.22.1.tgz",
      "integrity": "sha512-lp98Ru9KRV7In6YOUBb3Lve0bYpaT+z2LA8VJ7ZqP7xjmE0+pk0EYuKrhht3kvY6mGBjrEU+0G8Fri5ivmKLBQ==",
      "dependencies": {
        "@agora-js/media": "4.22.1",
        "@agora-js/report": "4.22.1",
        "@agora-js/shared": "4.22.1",
        "agora-rte-extension": "^1.2.4",
        "axios": "^1.7.7",
        "formdata-polyfill": "^4.0.7",
        "pako": "^2.1.0",
        "ua-parser-js": "^0.7.34",
        "webrtc-adapter": "8.2.0"
      }
    },
    "node_modules/agora-rte-extension": {
      "version": "1.2.4",
      "resolved": "https://registry.npmjs.org/agora-rte-extension/-/agora-rte-extension-1.2.4.tgz",
      "integrity": "sha512-0ovZz1lbe30QraG1cU+ji7EnQ8aUu+Hf3F+a8xPml3wPOyUQEK6CTdxV9kMecr9t+fIDrGeW7wgJTsM1DQE7Nw=="
    },
    "node_modules/asynckit": {
      "version": "0.4.0",
      "resolved": "https://registry.npmjs.org/asynckit/-/asynckit-0.4.0.tgz",
      "integrity": "sha512-Oei9OH4tRh0YqU3GxhX79dM/mwVgvbZJaSNaRk+bshkj0S5cfHcgYakreBjrHwatXKbz+IoIdYLxrKim2MjW0Q=="
    },
    "node_modules/axios": {
      "version": "1.7.7",
      "resolved": "https://registry.npmjs.org/axios/-/axios-1.7.7.tgz",
      "integrity": "sha512-S4kL7XrjgBmvdGut0sN3yJxqYzrDOnivkBiN0OFs6hLiUam3UPvswUo0kqGyhqUZGEOytHyumEdXsAkgCOUf3Q==",
      "dependencies": {
        "follow-redirects": "^1.15.6",
        "form-data": "^4.0.0",
        "proxy-from-env": "^1.1.0"
      }
    },
    "node_modules/bowser": {
      "version": "2.11.0",
      "resolved": "https://registry.npmjs.org/bowser/-/bowser-2.11.0.tgz",
      "integrity": "sha512-AlcaJBi/pqqJBIQ8U9Mcpc9i8Aqxn88Skv5d+xBX006BY5u8N3mGLHa5Lgppa7L/HfwgwLgZ6NYs+Ag6uUmJRA==",
      "peer": true
    },
    "node_modules/combined-stream": {
      "version": "1.0.8",
      "resolved": "https://registry.npmjs.org/combined-stream/-/combined-stream-1.0.8.tgz",
      "integrity": "sha512-FQN4MRfuJeHf7cBbBMJFXhKSDq+2kAArBlmRBvcvFE5BB1HZKXtSFASDhdlz9zOYwxh8lDdnvmMOe/+5cdoEdg==",
      "dependencies": {
        "delayed-stream": "~1.0.0"
      },
      "engines": {
        "node": ">= 0.8"
      }
    },
    "node_modules/delayed-stream": {
      "version": "1.0.0",
      "resolved": "https://registry.npmjs.org/delayed-stream/-/delayed-stream-1.0.0.tgz",
      "integrity": "sha512-ZySD7Nf91aLB0RxL4KGrKHBXl7Eds1DAmEdcoVawXnLD7SDhpNgtuII2aAkg7a7QS41jxPSZ17p4VdGnMHk3MQ==",
      "engines": {
        "node": ">=0.4.0"
      }
    },
    "node_modules/dequal": {
      "version": "2.0.3",
      "resolved": "https://registry.npmjs.org/dequal/-/dequal-2.0.3.tgz",
      "integrity": "sha512-0je+qPKHEMohvfRTCEo3CrPG6cAzAYgmzKyxRiYSSDkS6eGJdyVJm7WaYA5ECaAD9wLB2T4EEeymA5aFVcYXCA==",
      "peer": true,
      "engines": {
        "node": ">=6"
      }
    },
    "node_modules/events": {
      "version": "3.3.0",
      "resolved": "https://registry.npmjs.org/events/-/events-3.3.0.tgz",
      "integrity": "sha512-mQw+2fkQbALzQ7V0MY0IqdnXNOeTtP4r0lN9z7AAawCXgqea7bDii20AYrIBrFd/Hx0M2Ocz6S111CaFkUcb0Q==",
      "peer": true,
      "engines": {
        "node": ">=0.8.x"
      }
    },
    "node_modules/fetch-blob": {
      "version": "3.2.0",
      "resolved": "https://registry.npmjs.org/fetch-blob/-/fetch-blob-3.2.0.tgz",
      "integrity": "sha512-7yAQpD2UMJzLi1Dqv7qFYnPbaPx7ZfFK6PiIxQ4PfkGPyNyl2Ugx+a/umUonmKqjhM4DnfbMvdX6otXq83soQQ==",
      "funding": [
        {
          "type": "github",
          "url": "https://github.com/sponsors/jimmywarting"
        },
        {
          "type": "paypal",
          "url": "https://paypal.me/jimmywarting"
        }
      ],
      "dependencies": {
        "node-domexception": "^1.0.0",
        "web-streams-polyfill": "^3.0.3"
      },
      "engines": {
        "node": "^12.20 || >= 14.13"
      }
    },
    "node_modules/follow-redirects": {
      "version": "1.15.9",
      "resolved": "https://registry.npmjs.org/follow-redirects/-/follow-redirects-1.15.9.tgz",
      "integrity": "sha512-gew4GsXizNgdoRyqmyfMHyAmXsZDk6mHkSxZFCzW9gwlbtOW44CDtYavM+y+72qD/Vq2l550kMF52DT8fOLJqQ==",
      "funding": [
        {
          "type": "individual",
          "url": "https://github.com/sponsors/RubenVerborgh"
        }
      ],
      "engines": {
        "node": ">=4.0"
      },
      "peerDependenciesMeta": {
        "debug": {
          "optional": true
        }
      }
    },
    "node_modules/form-data": {
      "version": "4.0.1",
      "resolved": "https://registry.npmjs.org/form-data/-/form-data-4.0.1.tgz",
      "integrity": "sha512-tzN8e4TX8+kkxGPK8D5u0FNmjPUjw3lwC9lSLxxoB/+GtsJG91CO8bSWy73APlgAZzZbXEYZJuxjkHH2w+Ezhw==",
      "dependencies": {
        "asynckit": "^0.4.0",
        "combined-stream": "^1.0.8",
        "mime-types": "^2.1.12"
      },
      "engines": {
        "node": ">= 6"
      }
    },
    "node_modules/formdata-polyfill": {
      "version": "4.0.10",
      "resolved": "https://registry.npmjs.org/formdata-polyfill/-/formdata-polyfill-4.0.10.tgz",
      "integrity": "sha512-buewHzMvYL29jdeQTVILecSaZKnt/RJWjoZCF5OW60Z67/GmSLBkOFM7qh1PI3zFNtJbaZL5eQu1vLfazOwj4g==",
      "dependencies": {
        "fetch-blob": "^3.1.2"
      },
      "engines": {
        "node": ">=12.20.0"
      }
    },
    "node_modules/immediate": {
      "version": "3.0.6",
      "resolved": "https://registry.npmjs.org/immediate/-/immediate-3.0.6.tgz",
      "integrity": "sha512-XXOFtyqDjNDAQxVfYxuF7g9Il/IbWmmlQg2MYKOH8ExIT1qg6xc4zyS3HaEEATgs1btfzxq15ciUiY7gjSXRGQ==",
      "peer": true
    },
    "node_modules/lie": {
      "version": "3.1.1",
      "resolved": "https://registry.npmjs.org/lie/-/lie-3.1.1.tgz",
      "integrity": "sha512-RiNhHysUjhrDQntfYSfY4MU24coXXdEOgw9WGcKHNeEwffDYbF//u87M1EWaMGzuFoSbqW0C9C6lEEhDOAswfw==",
      "peer": true,
      "dependencies": {
        "immediate": "~3.0.5"
      }
    },
    "node_modules/localforage": {
      "version": "1.10.0",
      "resolved": "https://registry.npmjs.org/localforage/-/localforage-1.10.0.tgz",
      "integrity": "sha512-14/H1aX7hzBBmmh7sGPd+AOMkkIrHM3Z1PAyGgZigA1H1p5O5ANnMyWzvpAETtG68/dC4pC0ncy3+PPGzXZHPg==",
      "peer": true,
      "dependencies": {
        "lie": "3.1.1"
      }
    },
    "node_modules/mime-db": {
      "version": "1.52.0",
      "resolved": "https://registry.npmjs.org/mime-db/-/mime-db-1.52.0.tgz",
      "integrity": "sha512-sPU4uV7dYlvtWJxwwxHD0PuihVNiE7TyAbQ5SWxDCB9mUYvOgroQOwYQQOKPJ8CIbE+1ETVlOoK1UC2nU3gYvg==",
      "engines": {
        "node": ">= 0.6"
      }
    },
    "node_modules/mime-types": {
      "version": "2.1.35",
      "resolved": "https://registry.npmjs.org/mime-types/-/mime-types-2.1.35.tgz",
      "integrity": "sha512-ZDY+bPm5zTTF+YpCrAU9nK0UgICYPT0QtT1NZWFv4s++TNkcgVaT0g6+4R2uI4MjQjzysHB1zxuWL50hzaeXiw==",
      "dependencies": {
        "mime-db": "1.52.0"
      },
      "engines": {
        "node": ">= 0.6"
      }
    },
    "node_modules/node-domexception": {
      "version": "1.0.0",
      "resolved": "https://registry.npmjs.org/node-domexception/-/node-domexception-1.0.0.tgz",
      "integrity": "sha512-/jKZoMpw0F8GRwl4/eLROPA3cfcXtLApP0QzLmUT/HuPCZWyB7IY9ZrMeKw2O/nFIqPQB3PVM9aYm0F312AXDQ==",
      "funding": [
        {
          "type": "github",
          "url": "https://github.com/sponsors/jimmywarting"
        },
        {
          "type": "github",
          "url": "https://paypal.me/jimmywarting"
        }
      ],
      "engines": {
        "node": ">=10.5.0"
      }
    },
    "node_modules/pako": {
      "version": "2.1.0",
      "resolved": "https://registry.npmjs.org/pako/-/pako-2.1.0.tgz",
      "integrity": "sha512-w+eufiZ1WuJYgPXbV/PO3NCMEc3xqylkKHzp8bxp1uW4qaSNQUkwmLLEc3kKsfz8lpV1F8Ht3U1Cm+9Srog2ug=="
    },
    "node_modules/proxy-from-env": {
      "version": "1.1.0",
      "resolved": "https://registry.npmjs.org/proxy-from-env/-/proxy-from-env-1.1.0.tgz",
      "integrity": "sha512-D+zkORCbA9f1tdWRK0RaCR3GPv50cMxcrz4X8k5LTSUD1Dkw47mKJEZQNunItRTkWwgtaUSo1RVFRIG9ZXiFYg=="
    },
    "node_modules/regenerator-runtime": {
      "version": "0.14.1",
      "resolved": "https://registry.npmjs.org/regenerator-runtime/-/regenerator-runtime-0.14.1.tgz",
      "integrity": "sha512-dYnhHh0nJoMfnkZs6GmmhFknAGRrLznOu5nc9ML+EJxGvrx6H7teuevqVqCuPcPK//3eDrrjQhehXVx9cnkGdw==",
      "peer": true
    },
    "node_modules/sdp": {
      "version": "3.2.0",
      "resolved": "https://registry.npmjs.org/sdp/-/sdp-3.2.0.tgz",
      "integrity": "sha512-d7wDPgDV3DDiqulJjKiV2865wKsJ34YI+NDREbm+FySq6WuKOikwyNQcm+doLAZ1O6ltdO0SeKle2xMpN3Brgw=="
    },
    "node_modules/typescript": {
      "version": "5.1.6",
      "resolved": "https://registry.npmjs.org/typescript/-/typescript-5.1.6.tgz",
      "integrity": "sha512-zaWCozRZ6DLEWAWFrVDz1H6FVXzUSfTy5FUMWsQlU8Ym5JP9eO4xkTIROFCQvhQf61z6O/G6ugw3SgAnvvm+HA==",
      "dev": true,
      "bin": {
        "tsc": "bin/tsc",
        "tsserver": "bin/tsserver"
      },
      "engines": {
        "node": ">=14.17"
      }
    },
    "node_modules/ua-parser-js": {
      "version": "0.7.39",
      "resolved": "https://registry.npmjs.org/ua-parser-js/-/ua-parser-js-0.7.39.tgz",
      "integrity": "sha512-IZ6acm6RhQHNibSt7+c09hhvsKy9WUr4DVbeq9U8o71qxyYtJpQeDxQnMrVqnIFMLcQjHO0I9wgfO2vIahht4w==",
      "funding": [
        {
          "type": "opencollective",
          "url": "https://opencollective.com/ua-parser-js"
        },
        {
          "type": "paypal",
          "url": "https://paypal.me/faisalman"
        },
        {
          "type": "github",
          "url": "https://github.com/sponsors/faisalman"
        }
      ],
      "bin": {
        "ua-parser-js": "script/cli.js"
      },
      "engines": {
        "node": "*"
      }
    },
    "node_modules/web-streams-polyfill": {
      "version": "3.3.3",
      "resolved": "https://registry.npmjs.org/web-streams-polyfill/-/web-streams-polyfill-3.3.3.tgz",
      "integrity": "sha512-d2JWLCivmZYTSIoge9MsgFCZrt571BikcWGYkjC1khllbTeDlGqZ2D8vD8E/lJa8WGWbb7Plm8/XJYV7IJHZZw==",
      "engines": {
        "node": ">= 8"
      }
    },
    "node_modules/webrtc-adapter": {
      "version": "8.2.0",
      "resolved": "https://registry.npmjs.org/webrtc-adapter/-/webrtc-adapter-8.2.0.tgz",
      "integrity": "sha512-umxCMgedPAVq4Pe/jl3xmelLXLn4XZWFEMR5Iipb5wJ+k1xMX0yC4ZY9CueZUU1MjapFxai1tFGE7R/kotH6Ww==",
      "dependencies": {
        "sdp": "^3.0.2"
      },
      "engines": {
        "node": ">=6.0.0",
        "npm": ">=3.10.0"
      }
    }
  }
}
