{
  "name": "dubit-js",
  "version": "0.0.1",
  "lockfileVersion": 3,
  "requires": true,
  "packages": {
    "": {
      "name": "dubit-js",
      "version": "0.0.1",
      "license": "BSD-2-Clause",
      "devDependencies": {
        "typescript": "5.1.6"
      },
      "peerDependencies": {
        "@daily-co/daily-js": "^0.72.1"
      }
    },
    "node_modules/@babel/runtime": {
      "version": "7.25.7",
      "resolved": "https://registry.npmjs.org/@babel/runtime/-/runtime-7.25.7.tgz",
      "integrity": "sha512-FjoyLe754PMiYsFaN5C94ttGiOmBNYTf6pLr4xXHAT5uctHb092PBszndLDR5XA/jghQvn4n7JMHl7dmTgbm9w==",
      "peer": true,
      "dependencies": {
        "regenerator-runtime": "^0.14.0"
      },
      "engines": {
        "node": ">=6.9.0"
      }
    },
    "node_modules/@daily-co/daily-js": {
      "version": "0.72.1",
      "resolved": "https://registry.npmjs.org/@daily-co/daily-js/-/daily-js-0.72.1.tgz",
      "integrity": "sha512-4dw24cmH8tRBDFe/mqjpM6ZV1s07aSoPMtsVXlEB6ZLD/Apd5GB4x1URDidG45iPDs8/4P8iDHR6RtMjKht4Ig==",
      "peer": true,
      "dependencies": {
        "@babel/runtime": "^7.12.5",
        "@sentry/browser": "^7.60.1",
        "bowser": "^2.8.1",
        "dequal": "^2.0.3",
        "events": "^3.1.0"
      },
      "engines": {
        "node": ">=10.0.0"
      }
    },
    "node_modules/@sentry-internal/feedback": {
      "version": "7.119.2",
      "resolved": "https://registry.npmjs.org/@sentry-internal/feedback/-/feedback-7.119.2.tgz",
      "integrity": "sha512-bnR1yJWVBZfXGx675nMXE8hCXsxluCBfIFy9GQT8PTN/urxpoS9cGz+5F7MA7Xe3Q06/7TT0Mz3fcDvjkqTu3Q==",
      "peer": true,
      "dependencies": {
        "@sentry/core": "7.119.2",
        "@sentry/types": "7.119.2",
        "@sentry/utils": "7.119.2"
      },
      "engines": {
        "node": ">=12"
      }
    },
    "node_modules/@sentry-internal/replay-canvas": {
      "version": "7.119.2",
      "resolved": "https://registry.npmjs.org/@sentry-internal/replay-canvas/-/replay-canvas-7.119.2.tgz",
      "integrity": "sha512-Lqo8IFyeKkdOrOGRqm9jCEqeBl8kINe5+c2VqULpkO/I6ql6ISwPSYnmG6yL8cCVIaT1893CLog/pS4FxCv8/Q==",
      "peer": true,
      "dependencies": {
        "@sentry/core": "7.119.2",
        "@sentry/replay": "7.119.2",
        "@sentry/types": "7.119.2",
        "@sentry/utils": "7.119.2"
      },
      "engines": {
        "node": ">=12"
      }
    },
    "node_modules/@sentry-internal/tracing": {
      "version": "7.119.2",
      "resolved": "https://registry.npmjs.org/@sentry-internal/tracing/-/tracing-7.119.2.tgz",
      "integrity": "sha512-V2W+STWrafyGJhQv3ulMFXYDwWHiU6wHQAQBShsHVACiFaDrJ2kPRet38FKv4dMLlLlP2xN+ss2e5zv3tYlTiQ==",
      "peer": true,
      "dependencies": {
        "@sentry/core": "7.119.2",
        "@sentry/types": "7.119.2",
        "@sentry/utils": "7.119.2"
      },
      "engines": {
        "node": ">=8"
      }
    },
    "node_modules/@sentry/browser": {
      "version": "7.119.2",
      "resolved": "https://registry.npmjs.org/@sentry/browser/-/browser-7.119.2.tgz",
      "integrity": "sha512-Wb2RzCsJBTNCmS9KPmbVyV5GGzFXjFdUThAN9xlnN5GgemMBwdQjGu/tRYr8yJAVsRb0EOFH8IuJBNKKNnO49g==",
      "peer": true,
      "dependencies": {
        "@sentry-internal/feedback": "7.119.2",
        "@sentry-internal/replay-canvas": "7.119.2",
        "@sentry-internal/tracing": "7.119.2",
        "@sentry/core": "7.119.2",
        "@sentry/integrations": "7.119.2",
        "@sentry/replay": "7.119.2",
        "@sentry/types": "7.119.2",
        "@sentry/utils": "7.119.2"
      },
      "engines": {
        "node": ">=8"
      }
    },
    "node_modules/@sentry/core": {
      "version": "7.119.2",
      "resolved": "https://registry.npmjs.org/@sentry/core/-/core-7.119.2.tgz",
      "integrity": "sha512-hQr3d2yWq/2lMvoyBPOwXw1IHqTrCjOsU1vYKhAa6w9vGbJZFGhKGGE2KEi/92c3gqGn+gW/PC7cV6waCTDuVA==",
      "peer": true,
      "dependencies": {
        "@sentry/types": "7.119.2",
        "@sentry/utils": "7.119.2"
      },
      "engines": {
        "node": ">=8"
      }
    },
    "node_modules/@sentry/integrations": {
      "version": "7.119.2",
      "resolved": "https://registry.npmjs.org/@sentry/integrations/-/integrations-7.119.2.tgz",
      "integrity": "sha512-dCuXKvbUE3gXVVa696SYMjlhSP6CxpMH/gl4Jk26naEB8Xjsn98z/hqEoXLg6Nab73rjR9c/9AdKqBbwVMHyrQ==",
      "peer": true,
      "dependencies": {
        "@sentry/core": "7.119.2",
        "@sentry/types": "7.119.2",
        "@sentry/utils": "7.119.2",
        "localforage": "^1.8.1"
      },
      "engines": {
        "node": ">=8"
      }
    },
    "node_modules/@sentry/replay": {
      "version": "7.119.2",
      "resolved": "https://registry.npmjs.org/@sentry/replay/-/replay-7.119.2.tgz",
      "integrity": "sha512-nHDsBt0mlJXTWAHjzQdCzDbhV2fv8B62PPB5mu5SpI+G5h+ir3r5lR0lZZrMT8eurVowb/HnLXAs+XYVug3blg==",
      "peer": true,
      "dependencies": {
        "@sentry-internal/tracing": "7.119.2",
        "@sentry/core": "7.119.2",
        "@sentry/types": "7.119.2",
        "@sentry/utils": "7.119.2"
      },
      "engines": {
        "node": ">=12"
      }
    },
    "node_modules/@sentry/types": {
      "version": "7.119.2",
      "resolved": "https://registry.npmjs.org/@sentry/types/-/types-7.119.2.tgz",
      "integrity": "sha512-ydq1tWsdG7QW+yFaTp0gFaowMLNVikIqM70wxWNK+u98QzKnVY/3XTixxNLsUtnAB4Y+isAzFhrc6Vb5GFdFeg==",
      "peer": true,
      "engines": {
        "node": ">=8"
      }
    },
    "node_modules/@sentry/utils": {
      "version": "7.119.2",
      "resolved": "https://registry.npmjs.org/@sentry/utils/-/utils-7.119.2.tgz",
      "integrity": "sha512-TLdUCvcNgzKP0r9YD7tgCL1PEUp42TObISridsPJ5rhpVGQJvpr+Six0zIkfDUxerLYWZoK8QMm9KgFlPLNQzA==",
      "peer": true,
      "dependencies": {
        "@sentry/types": "7.119.2"
      },
      "engines": {
        "node": ">=8"
      }
    },
    "node_modules/bowser": {
      "version": "2.11.0",
      "resolved": "https://registry.npmjs.org/bowser/-/bowser-2.11.0.tgz",
      "integrity": "sha512-AlcaJBi/pqqJBIQ8U9Mcpc9i8Aqxn88Skv5d+xBX006BY5u8N3mGLHa5Lgppa7L/HfwgwLgZ6NYs+Ag6uUmJRA==",
      "peer": true
    },
    "node_modules/dequal": {
      "version": "2.0.3",
      "resolved": "https://registry.npmjs.org/dequal/-/dequal-2.0.3.tgz",
      "integrity": "sha512-0je+qPKHEMohvfRTCEo3CrPG6cAzAYgmzKyxRiYSSDkS6eGJdyVJm7WaYA5ECaAD9wLB2T4EEeymA5aFVcYXCA==",
      "peer": true,
      "engines": {
        "node": ">=6"
      }
    },
    "node_modules/events": {
      "version": "3.3.0",
      "resolved": "https://registry.npmjs.org/events/-/events-3.3.0.tgz",
      "integrity": "sha512-mQw+2fkQbALzQ7V0MY0IqdnXNOeTtP4r0lN9z7AAawCXgqea7bDii20AYrIBrFd/Hx0M2Ocz6S111CaFkUcb0Q==",
      "peer": true,
      "engines": {
        "node": ">=0.8.x"
      }
    },
    "node_modules/immediate": {
      "version": "3.0.6",
      "resolved": "https://registry.npmjs.org/immediate/-/immediate-3.0.6.tgz",
      "integrity": "sha512-XXOFtyqDjNDAQxVfYxuF7g9Il/IbWmmlQg2MYKOH8ExIT1qg6xc4zyS3HaEEATgs1btfzxq15ciUiY7gjSXRGQ==",
      "peer": true
    },
    "node_modules/lie": {
      "version": "3.1.1",
      "resolved": "https://registry.npmjs.org/lie/-/lie-3.1.1.tgz",
      "integrity": "sha512-RiNhHysUjhrDQntfYSfY4MU24coXXdEOgw9WGcKHNeEwffDYbF//u87M1EWaMGzuFoSbqW0C9C6lEEhDOAswfw==",
      "peer": true,
      "dependencies": {
        "immediate": "~3.0.5"
      }
    },
    "node_modules/localforage": {
      "version": "1.10.0",
      "resolved": "https://registry.npmjs.org/localforage/-/localforage-1.10.0.tgz",
      "integrity": "sha512-14/H1aX7hzBBmmh7sGPd+AOMkkIrHM3Z1PAyGgZigA1H1p5O5ANnMyWzvpAETtG68/dC4pC0ncy3+PPGzXZHPg==",
      "peer": true,
      "dependencies": {
        "lie": "3.1.1"
      }
    },
    "node_modules/regenerator-runtime": {
      "version": "0.14.1",
      "resolved": "https://registry.npmjs.org/regenerator-runtime/-/regenerator-runtime-0.14.1.tgz",
      "integrity": "sha512-dYnhHh0nJoMfnkZs6GmmhFknAGRrLznOu5nc9ML+EJxGvrx6H7teuevqVqCuPcPK//3eDrrjQhehXVx9cnkGdw==",
      "peer": true
    },
    "node_modules/typescript": {
      "version": "5.1.6",
      "resolved": "https://registry.npmjs.org/typescript/-/typescript-5.1.6.tgz",
      "integrity": "sha512-zaWCozRZ6DLEWAWFrVDz1H6FVXzUSfTy5FUMWsQlU8Ym5JP9eO4xkTIROFCQvhQf61z6O/G6ugw3SgAnvvm+HA==",
      "dev": true,
      "bin": {
        "tsc": "bin/tsc",
        "tsserver": "bin/tsserver"
      },
      "engines": {
        "node": ">=14.17"
      }
    }
  }
}
